
Microsoft Visual Studio Solution File, Format Version 12.00
# Visual Studio Version 17
VisualStudioVersion = 17.2.32505.173
MinimumVisualStudioVersion = 10.0.40219.1
Project("{FAE04EC0-301F-11D3-BF4B-00C04F79EFBC}") = "CompanyEmployeeManagement.Web", "CompanyEmployeeManagement.Web\CompanyEmployeeManagement.Web.csproj", "{31F104B6-0059-4705-B5FB-5D682A0E31C0}"
EndProject
Global
	GlobalSection(SolutionConfigurationPlatforms) = preSolution
		Debug|Any CPU = Debug|Any CPU
		Release|Any CPU = Release|Any CPU
	EndGlobalSection
	GlobalSection(ProjectConfigurationPlatforms) = postSolution
		{31F104B6-0059-4705-B5FB-5D682A0E31C0}.Debug|Any CPU.ActiveCfg = Debug|Any CPU
		{31F104B6-0059-4705-B5FB-5D682A0E31C0}.Debug|Any CPU.Build.0 = Debug|Any CPU
		{31F104B6-0059-4705-B5FB-5D682A0E31C0}.Release|Any CPU.ActiveCfg = Release|Any CPU
		{31F104B6-0059-4705-B5FB-5D682A0E31C0}.Release|Any CPU.Build.0 = Release|Any CPU
	EndGlobalSection
	GlobalSection(SolutionProperties) = preSolution
		HideSolutionNode = FALSE
	EndGlobalSection
	GlobalSection(ExtensibilityGlobals) = postSolution
		SolutionGuid = {1080A2FA-B1BB-4E10-BA20-A2D2FD38BE3D}
	EndGlobalSection
EndGlobal
